
Microsoft Visual Studio Solution File, Format Version 12.00
# Visual Studio Version 16
VisualStudioVersion = 16.0.31129.286
MinimumVisualStudioVersion = 10.0.40219.1
Project("{FAE04EC0-301F-11D3-BF4B-00C04F79EFBC}") = "SimpleNotepad", "SimpleNotepad\SimpleNotepad.csproj", "{CADB72D7-03BA-4ABC-9ECD-21BEA418EA05}"
EndProject
Global
	GlobalSection(SolutionConfigurationPlatforms) = preSolution
		Debug|Any CPU = Debug|Any CPU
		Release|Any CPU = Release|Any CPU
	EndGlobalSection
	GlobalSection(ProjectConfigurationPlatforms) = postSolution
		{CADB72D7-03BA-4ABC-9ECD-21BEA418EA05}.Debug|Any CPU.ActiveCfg = Debug|Any CPU
		{CADB72D7-03BA-4ABC-9ECD-21BEA418EA05}.Debug|Any CPU.Build.0 = Debug|Any CPU
		{CADB72D7-03BA-4ABC-9ECD-21BEA418EA05}.Release|Any CPU.ActiveCfg = Release|Any CPU
		{CADB72D7-03BA-4ABC-9ECD-21BEA418EA05}.Release|Any CPU.Build.0 = Release|Any CPU
	EndGlobalSection
	GlobalSection(SolutionProperties) = preSolution
		HideSolutionNode = FALSE
	EndGlobalSection
	GlobalSection(ExtensibilityGlobals) = postSolution
		SolutionGuid = {66655EC2-4250-45AB-A3D6-3EF336CF721D}
	EndGlobalSection
EndGlobal
